// !$*UTF8*$!
{
	archiveVersion = 1;
	classes = {
	};
	objectVersion = 55;
	objects = {

/* Begin PBXBuildFile section */
		1D9DAE5372D3D4C8A9C48402 /* Pods_ImkoTest.framework in Frameworks */ = {isa = PBXBuildFile; fileRef = 3751C06B20ED7096BE0A2F29 /* Pods_ImkoTest.framework */; };
		6D16463228353D3200A2479C /* AppDelegate.swift in Sources */ = {isa = PBXBuildFile; fileRef = 6D16463128353D3200A2479C /* AppDelegate.swift */; };
		6D16463428353D3200A2479C /* SceneDelegate.swift in Sources */ = {isa = PBXBuildFile; fileRef = 6D16463328353D3200A2479C /* SceneDelegate.swift */; };
		6D16463B28353D3300A2479C /* Assets.xcassets in Resources */ = {isa = PBXBuildFile; fileRef = 6D16463A28353D3300A2479C /* Assets.xcassets */; };
		6D16463E28353D3300A2479C /* LaunchScreen.storyboard in Resources */ = {isa = PBXBuildFile; fileRef = 6D16463C28353D3300A2479C /* LaunchScreen.storyboard */; };
		6D16464628353EC000A2479C /* Colors.xcassets in Resources */ = {isa = PBXBuildFile; fileRef = 6D16464528353EC000A2479C /* Colors.xcassets */; };
		6D20D5F12835544C00A0BEB5 /* RegisterFirstStepViewController.swift in Sources */ = {isa = PBXBuildFile; fileRef = 6D20D5F02835544C00A0BEB5 /* RegisterFirstStepViewController.swift */; };
		6D20D5F52835578600A0BEB5 /* R.generated.swift in Sources */ = {isa = PBXBuildFile; fileRef = 6D20D5F42835578600A0BEB5 /* R.generated.swift */; };
		6D20D5F82835594700A0BEB5 /* UILabel+Extensions.swift in Sources */ = {isa = PBXBuildFile; fileRef = 6D20D5F72835594700A0BEB5 /* UILabel+Extensions.swift */; };
		6D20D5FB28355B7800A0BEB5 /* TextFieldStack.swift in Sources */ = {isa = PBXBuildFile; fileRef = 6D20D5FA28355B7800A0BEB5 /* TextFieldStack.swift */; };
		6D20D5FD28355DC400A0BEB5 /* PaddingTextField.swift in Sources */ = {isa = PBXBuildFile; fileRef = 6D20D5FC28355DC400A0BEB5 /* PaddingTextField.swift */; };
		6D20D6012835622B00A0BEB5 /* BaseTextField.swift in Sources */ = {isa = PBXBuildFile; fileRef = 6D20D6002835622B00A0BEB5 /* BaseTextField.swift */; };
		6D20D603283565D600A0BEB5 /* BaseButton.swift in Sources */ = {isa = PBXBuildFile; fileRef = 6D20D602283565D600A0BEB5 /* BaseButton.swift */; };
		6DDA93042835EE5A00E2DAC7 /* KeyboardHeightObservable.swift in Sources */ = {isa = PBXBuildFile; fileRef = 6DDA93032835EE5A00E2DAC7 /* KeyboardHeightObservable.swift */; };
		6DDA93082835F39B00E2DAC7 /* RegisterSecondStepViewController.swift in Sources */ = {isa = PBXBuildFile; fileRef = 6DDA93072835F39B00E2DAC7 /* RegisterSecondStepViewController.swift */; };
		6DDA930A28363A0F00E2DAC7 /* BaseViewController.swift in Sources */ = {isa = PBXBuildFile; fileRef = 6DDA930928363A0F00E2DAC7 /* BaseViewController.swift */; };
		6DDA93122836418F00E2DAC7 /* FlagDropDownTableViewCell.swift in Sources */ = {isa = PBXBuildFile; fileRef = 6DDA93102836418F00E2DAC7 /* FlagDropDownTableViewCell.swift */; };
		6DDA93132836418F00E2DAC7 /* FlagDropDownTableViewCell.xib in Resources */ = {isa = PBXBuildFile; fileRef = 6DDA93112836418F00E2DAC7 /* FlagDropDownTableViewCell.xib */; };
		6DDA9315283656B800E2DAC7 /* SelectCountryView.swift in Sources */ = {isa = PBXBuildFile; fileRef = 6DDA9314283656B800E2DAC7 /* SelectCountryView.swift */; };
		6DDA93172836600F00E2DAC7 /* SelectPhoneCodeView.swift in Sources */ = {isa = PBXBuildFile; fileRef = 6DDA93162836600F00E2DAC7 /* SelectPhoneCodeView.swift */; };
		6DDA931B2836679600E2DAC7 /* HistoryViewContoller.swift in Sources */ = {isa = PBXBuildFile; fileRef = 6DDA931A2836679600E2DAC7 /* HistoryViewContoller.swift */; };
		6DDA93212836680A00E2DAC7 /* ProfileViewController.swift in Sources */ = {isa = PBXBuildFile; fileRef = 6DDA93202836680A00E2DAC7 /* ProfileViewController.swift */; };
		6DDA93242836682600E2DAC7 /* HelpViewController.swift in Sources */ = {isa = PBXBuildFile; fileRef = 6DDA93232836682600E2DAC7 /* HelpViewController.swift */; };
		6DDA93262836683700E2DAC7 /* BaseTabBarController.swift in Sources */ = {isa = PBXBuildFile; fileRef = 6DDA93252836683700E2DAC7 /* BaseTabBarController.swift */; };
		6DDA932928366FDF00E2DAC7 /* NewLoanViewController.swift in Sources */ = {isa = PBXBuildFile; fileRef = 6DDA932828366FDF00E2DAC7 /* NewLoanViewController.swift */; };
		6DDA932B283670D700E2DAC7 /* PlusMinusButton.swift in Sources */ = {isa = PBXBuildFile; fileRef = 6DDA932A283670D700E2DAC7 /* PlusMinusButton.swift */; };
		6DDA932D28367E1000E2DAC7 /* NewLoanSumsCollectionView.swift in Sources */ = {isa = PBXBuildFile; fileRef = 6DDA932C28367E1000E2DAC7 /* NewLoanSumsCollectionView.swift */; };
		6DDA932F28368EC700E2DAC7 /* LoanAcceptedViewController.swift in Sources */ = {isa = PBXBuildFile; fileRef = 6DDA932E28368EC700E2DAC7 /* LoanAcceptedViewController.swift */; };
		6DDA93312836908300E2DAC7 /* NSMutableAttributedString+Extensions.swift in Sources */ = {isa = PBXBuildFile; fileRef = 6DDA93302836908300E2DAC7 /* NSMutableAttributedString+Extensions.swift */; };
		6DDA9333283691E100E2DAC7 /* HistoryCollectionView.swift in Sources */ = {isa = PBXBuildFile; fileRef = 6DDA9332283691E100E2DAC7 /* HistoryCollectionView.swift */; };
		6DDA9336283697A300E2DAC7 /* CreditHistoryModel.swift in Sources */ = {isa = PBXBuildFile; fileRef = 6DDA9335283697A300E2DAC7 /* CreditHistoryModel.swift */; };
		6DDA933828369DE200E2DAC7 /* ProfileItems.swift in Sources */ = {isa = PBXBuildFile; fileRef = 6DDA933728369DE200E2DAC7 /* ProfileItems.swift */; };
		6DDA933A2836A27300E2DAC7 /* HistoryPaidView.swift in Sources */ = {isa = PBXBuildFile; fileRef = 6DDA93392836A27300E2DAC7 /* HistoryPaidView.swift */; };
		6DF53D802836AA69005FBD72 /* ProfileModel.swift in Sources */ = {isa = PBXBuildFile; fileRef = 6DF53D7F2836AA69005FBD72 /* ProfileModel.swift */; };
		6DF53D872836BA6D005FBD72 /* CreditsManager.swift in Sources */ = {isa = PBXBuildFile; fileRef = 6DF53D862836BA6D005FBD72 /* CreditsManager.swift */; };
		6DF53D892836BB36005FBD72 /* ProfileManager.swift in Sources */ = {isa = PBXBuildFile; fileRef = 6DF53D882836BB36005FBD72 /* ProfileManager.swift */; };
		6DF53D962836C7B8005FBD72 /* Date+Extensions.swift in Sources */ = {isa = PBXBuildFile; fileRef = 6DF53D952836C7B8005FBD72 /* Date+Extensions.swift */; };
/* End PBXBuildFile section */

/* Begin PBXFileReference section */
		3751C06B20ED7096BE0A2F29 /* Pods_ImkoTest.framework */ = {isa = PBXFileReference; explicitFileType = wrapper.framework; includeInIndex = 0; path = Pods_ImkoTest.framework; sourceTree = BUILT_PRODUCTS_DIR; };
		64810AE545F9196FE0CC9D16 /* Pods-ImkoTest.debug.xcconfig */ = {isa = PBXFileReference; includeInIndex = 1; lastKnownFileType = text.xcconfig; name = "Pods-ImkoTest.debug.xcconfig"; path = "Target Support Files/Pods-ImkoTest/Pods-ImkoTest.debug.xcconfig"; sourceTree = "<group>"; };
		6D16462E28353D3200A2479C /* ImkoTest.app */ = {isa = PBXFileReference; explicitFileType = wrapper.application; includeInIndex = 0; path = ImkoTest.app; sourceTree = BUILT_PRODUCTS_DIR; };
		6D16463128353D3200A2479C /* AppDelegate.swift */ = {isa = PBXFileReference; lastKnownFileType = sourcecode.swift; path = AppDelegate.swift; sourceTree = "<group>"; };
		6D16463328353D3200A2479C /* SceneDelegate.swift */ = {isa = PBXFileReference; lastKnownFileType = sourcecode.swift; path = SceneDelegate.swift; sourceTree = "<group>"; };
		6D16463A28353D3300A2479C /* Assets.xcassets */ = {isa = PBXFileReference; lastKnownFileType = folder.assetcatalog; path = Assets.xcassets; sourceTree = "<group>"; };
		6D16463D28353D3300A2479C /* Base */ = {isa = PBXFileReference; lastKnownFileType = file.storyboard; name = Base; path = Base.lproj/LaunchScreen.storyboard; sourceTree = "<group>"; };
		6D16463F28353D3300A2479C /* Info.plist */ = {isa = PBXFileReference; lastKnownFileType = text.plist.xml; path = Info.plist; sourceTree = "<group>"; };
		6D16464528353EC000A2479C /* Colors.xcassets */ = {isa = PBXFileReference; lastKnownFileType = folder.assetcatalog; path = Colors.xcassets; sourceTree = "<group>"; };
		6D20D5F02835544C00A0BEB5 /* RegisterFirstStepViewController.swift */ = {isa = PBXFileReference; lastKnownFileType = sourcecode.swift; path = RegisterFirstStepViewController.swift; sourceTree = "<group>"; };
		6D20D5F42835578600A0BEB5 /* R.generated.swift */ = {isa = PBXFileReference; fileEncoding = 4; lastKnownFileType = sourcecode.swift; path = R.generated.swift; sourceTree = "<group>"; };
		6D20D5F72835594700A0BEB5 /* UILabel+Extensions.swift */ = {isa = PBXFileReference; lastKnownFileType = sourcecode.swift; path = "UILabel+Extensions.swift"; sourceTree = "<group>"; };
		6D20D5FA28355B7800A0BEB5 /* TextFieldStack.swift */ = {isa = PBXFileReference; lastKnownFileType = sourcecode.swift; path = TextFieldStack.swift; sourceTree = "<group>"; };
		6D20D5FC28355DC400A0BEB5 /* PaddingTextField.swift */ = {isa = PBXFileReference; lastKnownFileType = sourcecode.swift; path = PaddingTextField.swift; sourceTree = "<group>"; };
		6D20D6002835622B00A0BEB5 /* BaseTextField.swift */ = {isa = PBXFileReference; lastKnownFileType = sourcecode.swift; path = BaseTextField.swift; sourceTree = "<group>"; };
		6D20D602283565D600A0BEB5 /* BaseButton.swift */ = {isa = PBXFileReference; lastKnownFileType = sourcecode.swift; path = BaseButton.swift; sourceTree = "<group>"; };
		6DDA93032835EE5A00E2DAC7 /* KeyboardHeightObservable.swift */ = {isa = PBXFileReference; lastKnownFileType = sourcecode.swift; path = KeyboardHeightObservable.swift; sourceTree = "<group>"; };
		6DDA93072835F39B00E2DAC7 /* RegisterSecondStepViewController.swift */ = {isa = PBXFileReference; lastKnownFileType = sourcecode.swift; path = RegisterSecondStepViewController.swift; sourceTree = "<group>"; };
		6DDA930928363A0F00E2DAC7 /* BaseViewController.swift */ = {isa = PBXFileReference; lastKnownFileType = sourcecode.swift; path = BaseViewController.swift; sourceTree = "<group>"; };
		6DDA93102836418F00E2DAC7 /* FlagDropDownTableViewCell.swift */ = {isa = PBXFileReference; lastKnownFileType = sourcecode.swift; path = FlagDropDownTableViewCell.swift; sourceTree = "<group>"; };
		6DDA93112836418F00E2DAC7 /* FlagDropDownTableViewCell.xib */ = {isa = PBXFileReference; lastKnownFileType = file.xib; path = FlagDropDownTableViewCell.xib; sourceTree = "<group>"; };
		6DDA9314283656B800E2DAC7 /* SelectCountryView.swift */ = {isa = PBXFileReference; lastKnownFileType = sourcecode.swift; path = SelectCountryView.swift; sourceTree = "<group>"; };
		6DDA93162836600F00E2DAC7 /* SelectPhoneCodeView.swift */ = {isa = PBXFileReference; lastKnownFileType = sourcecode.swift; path = SelectPhoneCodeView.swift; sourceTree = "<group>"; };
		6DDA931A2836679600E2DAC7 /* HistoryViewContoller.swift */ = {isa = PBXFileReference; lastKnownFileType = sourcecode.swift; path = HistoryViewContoller.swift; sourceTree = "<group>"; };
		6DDA93202836680A00E2DAC7 /* ProfileViewController.swift */ = {isa = PBXFileReference; lastKnownFileType = sourcecode.swift; path = ProfileViewController.swift; sourceTree = "<group>"; };
		6DDA93232836682600E2DAC7 /* HelpViewController.swift */ = {isa = PBXFileReference; lastKnownFileType = sourcecode.swift; path = HelpViewController.swift; sourceTree = "<group>"; };
		6DDA93252836683700E2DAC7 /* BaseTabBarController.swift */ = {isa = PBXFileReference; lastKnownFileType = sourcecode.swift; path = BaseTabBarController.swift; sourceTree = "<group>"; };
		6DDA932828366FDF00E2DAC7 /* NewLoanViewController.swift */ = {isa = PBXFileReference; lastKnownFileType = sourcecode.swift; path = NewLoanViewController.swift; sourceTree = "<group>"; };
		6DDA932A283670D700E2DAC7 /* PlusMinusButton.swift */ = {isa = PBXFileReference; lastKnownFileType = sourcecode.swift; path = PlusMinusButton.swift; sourceTree = "<group>"; };
		6DDA932C28367E1000E2DAC7 /* NewLoanSumsCollectionView.swift */ = {isa = PBXFileReference; lastKnownFileType = sourcecode.swift; path = NewLoanSumsCollectionView.swift; sourceTree = "<group>"; };
		6DDA932E28368EC700E2DAC7 /* LoanAcceptedViewController.swift */ = {isa = PBXFileReference; lastKnownFileType = sourcecode.swift; path = LoanAcceptedViewController.swift; sourceTree = "<group>"; };
		6DDA93302836908300E2DAC7 /* NSMutableAttributedString+Extensions.swift */ = {isa = PBXFileReference; lastKnownFileType = sourcecode.swift; path = "NSMutableAttributedString+Extensions.swift"; sourceTree = "<group>"; };
		6DDA9332283691E100E2DAC7 /* HistoryCollectionView.swift */ = {isa = PBXFileReference; lastKnownFileType = sourcecode.swift; path = HistoryCollectionView.swift; sourceTree = "<group>"; };
		6DDA9335283697A300E2DAC7 /* CreditHistoryModel.swift */ = {isa = PBXFileReference; lastKnownFileType = sourcecode.swift; path = CreditHistoryModel.swift; sourceTree = "<group>"; };
		6DDA933728369DE200E2DAC7 /* ProfileItems.swift */ = {isa = PBXFileReference; lastKnownFileType = sourcecode.swift; path = ProfileItems.swift; sourceTree = "<group>"; };
		6DDA93392836A27300E2DAC7 /* HistoryPaidView.swift */ = {isa = PBXFileReference; lastKnownFileType = sourcecode.swift; path = HistoryPaidView.swift; sourceTree = "<group>"; };
		6DF53D7F2836AA69005FBD72 /* ProfileModel.swift */ = {isa = PBXFileReference; lastKnownFileType = sourcecode.swift; path = ProfileModel.swift; sourceTree = "<group>"; };
		6DF53D862836BA6D005FBD72 /* CreditsManager.swift */ = {isa = PBXFileReference; lastKnownFileType = sourcecode.swift; path = CreditsManager.swift; sourceTree = "<group>"; };
		6DF53D882836BB36005FBD72 /* ProfileManager.swift */ = {isa = PBXFileReference; lastKnownFileType = sourcecode.swift; path = ProfileManager.swift; sourceTree = "<group>"; };
		6DF53D952836C7B8005FBD72 /* Date+Extensions.swift */ = {isa = PBXFileReference; lastKnownFileType = sourcecode.swift; path = "Date+Extensions.swift"; sourceTree = "<group>"; };
		BBC4CA2AE9A1357975DD2626 /* Pods-ImkoTest.release.xcconfig */ = {isa = PBXFileReference; includeInIndex = 1; lastKnownFileType = text.xcconfig; name = "Pods-ImkoTest.release.xcconfig"; path = "Target Support Files/Pods-ImkoTest/Pods-ImkoTest.release.xcconfig"; sourceTree = "<group>"; };
/* End PBXFileReference section */

/* Begin PBXFrameworksBuildPhase section */
		6D16462B28353D3200A2479C /* Frameworks */ = {
			isa = PBXFrameworksBuildPhase;
			buildActionMask = 2147483647;
			files = (
				1D9DAE5372D3D4C8A9C48402 /* Pods_ImkoTest.framework in Frameworks */,
			);
			runOnlyForDeploymentPostprocessing = 0;
		};
/* End PBXFrameworksBuildPhase section */

/* Begin PBXGroup section */
		06B556EEAF793158BFE4E544 /* Pods */ = {
			isa = PBXGroup;
			children = (
				64810AE545F9196FE0CC9D16 /* Pods-ImkoTest.debug.xcconfig */,
				BBC4CA2AE9A1357975DD2626 /* Pods-ImkoTest.release.xcconfig */,
			);
			path = Pods;
			sourceTree = "<group>";
		};
		422D78F3FE6471E7CABDEC0B /* Frameworks */ = {
			isa = PBXGroup;
			children = (
				3751C06B20ED7096BE0A2F29 /* Pods_ImkoTest.framework */,
			);
			name = Frameworks;
			sourceTree = "<group>";
		};
		6D16462528353D3200A2479C = {
			isa = PBXGroup;
			children = (
				6D16463028353D3200A2479C /* ImkoTest */,
				6D16462F28353D3200A2479C /* Products */,
				06B556EEAF793158BFE4E544 /* Pods */,
				422D78F3FE6471E7CABDEC0B /* Frameworks */,
			);
			sourceTree = "<group>";
		};
		6D16462F28353D3200A2479C /* Products */ = {
			isa = PBXGroup;
			children = (
				6D16462E28353D3200A2479C /* ImkoTest.app */,
			);
			name = Products;
			sourceTree = "<group>";
		};
		6D16463028353D3200A2479C /* ImkoTest */ = {
			isa = PBXGroup;
			children = (
				6DF53D852836BA62005FBD72 /* Managers */,
				6DDA93342836979600E2DAC7 /* Models */,
				6DDA93182836678300E2DAC7 /* ViewControllers */,
				6D20D5F3283556FA00A0BEB5 /* Utils */,
				6D16463128353D3200A2479C /* AppDelegate.swift */,
				6D16463328353D3200A2479C /* SceneDelegate.swift */,
				6D16463A28353D3300A2479C /* Assets.xcassets */,
				6D16463C28353D3300A2479C /* LaunchScreen.storyboard */,
				6D16463F28353D3300A2479C /* Info.plist */,
				6D16464528353EC000A2479C /* Colors.xcassets */,
			);
			path = ImkoTest;
			sourceTree = "<group>";
		};
		6D20D5EF2835536100A0BEB5 /* Register */ = {
			isa = PBXGroup;
			children = (
				6D20D5F02835544C00A0BEB5 /* RegisterFirstStepViewController.swift */,
				6DDA93072835F39B00E2DAC7 /* RegisterSecondStepViewController.swift */,
			);
			path = Register;
			sourceTree = "<group>";
		};
		6D20D5F3283556FA00A0BEB5 /* Utils */ = {
			isa = PBXGroup;
			children = (
				6D20D5F928355B6100A0BEB5 /* Custom Views */,
				6D20D5F62835593600A0BEB5 /* Extensions */,
				6D20D5F42835578600A0BEB5 /* R.generated.swift */,
				6DDA93032835EE5A00E2DAC7 /* KeyboardHeightObservable.swift */,
				6DDA930928363A0F00E2DAC7 /* BaseViewController.swift */,
			);
			path = Utils;
			sourceTree = "<group>";
		};
		6D20D5F62835593600A0BEB5 /* Extensions */ = {
			isa = PBXGroup;
			children = (
				6D20D5F72835594700A0BEB5 /* UILabel+Extensions.swift */,
				6DDA93302836908300E2DAC7 /* NSMutableAttributedString+Extensions.swift */,
				6DF53D952836C7B8005FBD72 /* Date+Extensions.swift */,
			);
			path = Extensions;
			sourceTree = "<group>";
		};
		6D20D5F928355B6100A0BEB5 /* Custom Views */ = {
			isa = PBXGroup;
			children = (
				6DDA930F2836416400E2DAC7 /* FlagDropDownCell */,
				6D20D5FA28355B7800A0BEB5 /* TextFieldStack.swift */,
				6D20D5FC28355DC400A0BEB5 /* PaddingTextField.swift */,
				6D20D6002835622B00A0BEB5 /* BaseTextField.swift */,
				6D20D602283565D600A0BEB5 /* BaseButton.swift */,
				6DDA9314283656B800E2DAC7 /* SelectCountryView.swift */,
				6DDA93162836600F00E2DAC7 /* SelectPhoneCodeView.swift */,
			);
			path = "Custom Views";
			sourceTree = "<group>";
		};
		6DDA930F2836416400E2DAC7 /* FlagDropDownCell */ = {
			isa = PBXGroup;
			children = (
				6DDA93102836418F00E2DAC7 /* FlagDropDownTableViewCell.swift */,
				6DDA93112836418F00E2DAC7 /* FlagDropDownTableViewCell.xib */,
				6DDA932A283670D700E2DAC7 /* PlusMinusButton.swift */,
			);
			path = FlagDropDownCell;
			sourceTree = "<group>";
		};
		6DDA93182836678300E2DAC7 /* ViewControllers */ = {
			isa = PBXGroup;
			children = (
				6D20D5EF2835536100A0BEB5 /* Register */,
				6DDA93222836681D00E2DAC7 /* Help */,
				6DDA931F283667FF00E2DAC7 /* Profile */,
				6DDA931C283667CB00E2DAC7 /* Loan */,
				6DDA93192836678A00E2DAC7 /* History */,
				6DDA93252836683700E2DAC7 /* BaseTabBarController.swift */,
			);
			path = ViewControllers;
			sourceTree = "<group>";
		};
		6DDA93192836678A00E2DAC7 /* History */ = {
			isa = PBXGroup;
			children = (
				6DDA931A2836679600E2DAC7 /* HistoryViewContoller.swift */,
				6DDA9332283691E100E2DAC7 /* HistoryCollectionView.swift */,
				6DDA93392836A27300E2DAC7 /* HistoryPaidView.swift */,
			);
			path = History;
			sourceTree = "<group>";
		};
		6DDA931C283667CB00E2DAC7 /* Loan */ = {
			isa = PBXGroup;
			children = (
				6DDA932828366FDF00E2DAC7 /* NewLoanViewController.swift */,
				6DDA932C28367E1000E2DAC7 /* NewLoanSumsCollectionView.swift */,
				6DDA932E28368EC700E2DAC7 /* LoanAcceptedViewController.swift */,
			);
			path = Loan;
			sourceTree = "<group>";
		};
		6DDA931F283667FF00E2DAC7 /* Profile */ = {
			isa = PBXGroup;
			children = (
				6DDA93202836680A00E2DAC7 /* ProfileViewController.swift */,
			);
			path = Profile;
			sourceTree = "<group>";
		};
		6DDA93222836681D00E2DAC7 /* Help */ = {
			isa = PBXGroup;
			children = (
				6DDA93232836682600E2DAC7 /* HelpViewController.swift */,
			);
			path = Help;
			sourceTree = "<group>";
		};
		6DDA93342836979600E2DAC7 /* Models */ = {
			isa = PBXGroup;
			children = (
				6DDA9335283697A300E2DAC7 /* CreditHistoryModel.swift */,
				6DDA933728369DE200E2DAC7 /* ProfileItems.swift */,
				6DF53D7F2836AA69005FBD72 /* ProfileModel.swift */,
			);
			path = Models;
			sourceTree = "<group>";
		};
		6DF53D852836BA62005FBD72 /* Managers */ = {
			isa = PBXGroup;
			children = (
				6DF53D862836BA6D005FBD72 /* CreditsManager.swift */,
				6DF53D882836BB36005FBD72 /* ProfileManager.swift */,
			);
			path = Managers;
			sourceTree = "<group>";
		};
/* End PBXGroup section */

/* Begin PBXNativeTarget section */
		6D16462D28353D3200A2479C /* ImkoTest */ = {
			isa = PBXNativeTarget;
			buildConfigurationList = 6D16464228353D3300A2479C /* Build configuration list for PBXNativeTarget "ImkoTest" */;
			buildPhases = (
				F7FAF42497519BBE1BF225BF /* [CP] Check Pods Manifest.lock */,
				6D20D5F2283556D100A0BEB5 /* ShellScript */,
				6D16462A28353D3200A2479C /* Sources */,
				6D16462B28353D3200A2479C /* Frameworks */,
				6D16462C28353D3200A2479C /* Resources */,
				6F85947B397494F098AD47BA /* [CP] Embed Pods Frameworks */,
			);
			buildRules = (
			);
			dependencies = (
			);
			name = ImkoTest;
			productName = ImkoTest;
			productReference = 6D16462E28353D3200A2479C /* ImkoTest.app */;
			productType = "com.apple.product-type.application";
		};
/* End PBXNativeTarget section */

/* Begin PBXProject section */
		6D16462628353D3200A2479C /* Project object */ = {
			isa = PBXProject;
			attributes = {
				BuildIndependentTargetsInParallel = 1;
				LastSwiftUpdateCheck = 1300;
				LastUpgradeCheck = 1300;
				TargetAttributes = {
					6D16462D28353D3200A2479C = {
						CreatedOnToolsVersion = 13.0;
					};
				};
			};
			buildConfigurationList = 6D16462928353D3200A2479C /* Build configuration list for PBXProject "ImkoTest" */;
			compatibilityVersion = "Xcode 13.0";
			developmentRegion = en;
			hasScannedForEncodings = 0;
			knownRegions = (
				en,
				Base,
			);
			mainGroup = 6D16462528353D3200A2479C;
			productRefGroup = 6D16462F28353D3200A2479C /* Products */;
			projectDirPath = "";
			projectRoot = "";
			targets = (
				6D16462D28353D3200A2479C /* ImkoTest */,
			);
		};
/* End PBXProject section */

/* Begin PBXResourcesBuildPhase section */
		6D16462C28353D3200A2479C /* Resources */ = {
			isa = PBXResourcesBuildPhase;
			buildActionMask = 2147483647;
			files = (
				6DDA93132836418F00E2DAC7 /* FlagDropDownTableViewCell.xib in Resources */,
				6D16464628353EC000A2479C /* Colors.xcassets in Resources */,
				6D16463E28353D3300A2479C /* LaunchScreen.storyboard in Resources */,
				6D16463B28353D3300A2479C /* Assets.xcassets in Resources */,
			);
			runOnlyForDeploymentPostprocessing = 0;
		};
/* End PBXResourcesBuildPhase section */

/* Begin PBXShellScriptBuildPhase section */
		6D20D5F2283556D100A0BEB5 /* ShellScript */ = {
			isa = PBXShellScriptBuildPhase;
			buildActionMask = 2147483647;
			files = (
			);
			inputFileListPaths = (
			);
			inputPaths = (
			);
			outputFileListPaths = (
			);
			outputPaths = (
				$SRCROOT/ImkoTest/Utils/R.generated.swift,
			);
			runOnlyForDeploymentPostprocessing = 0;
			shellPath = /bin/sh;
			shellScript = "# Type a script or drag a script file from your workspace to insert its path.\n\"$PODS_ROOT/R.swift/rswift\" generate \"$SRCROOT/ImkoTest/Utils/R.generated.swift\"\n";
		};
		6F85947B397494F098AD47BA /* [CP] Embed Pods Frameworks */ = {
			isa = PBXShellScriptBuildPhase;
			buildActionMask = 2147483647;
			files = (
			);
			inputFileListPaths = (
				"${PODS_ROOT}/Target Support Files/Pods-ImkoTest/Pods-ImkoTest-frameworks-${CONFIGURATION}-input-files.xcfilelist",
			);
			name = "[CP] Embed Pods Frameworks";
			outputFileListPaths = (
				"${PODS_ROOT}/Target Support Files/Pods-ImkoTest/Pods-ImkoTest-frameworks-${CONFIGURATION}-output-files.xcfilelist",
			);
			runOnlyForDeploymentPostprocessing = 0;
			shellPath = /bin/sh;
			shellScript = "\"${PODS_ROOT}/Target Support Files/Pods-ImkoTest/Pods-ImkoTest-frameworks.sh\"\n";
			showEnvVarsInLog = 0;
		};
		F7FAF42497519BBE1BF225BF /* [CP] Check Pods Manifest.lock */ = {
			isa = PBXShellScriptBuildPhase;
			buildActionMask = 2147483647;
			files = (
			);
			inputFileListPaths = (
			);
			inputPaths = (
				"${PODS_PODFILE_DIR_PATH}/Podfile.lock",
				"${PODS_ROOT}/Manifest.lock",
			);
			name = "[CP] Check Pods Manifest.lock";
			outputFileListPaths = (
			);
			outputPaths = (
				"$(DERIVED_FILE_DIR)/Pods-ImkoTest-checkManifestLockResult.txt",
			);
			runOnlyForDeploymentPostprocessing = 0;
			shellPath = /bin/sh;
			shellScript = "diff \"${PODS_PODFILE_DIR_PATH}/Podfile.lock\" \"${PODS_ROOT}/Manifest.lock\" > /dev/null\nif [ $? != 0 ] ; then\n    # print error to STDERR\n    echo \"error: The sandbox is not in sync with the Podfile.lock. Run 'pod install' or update your CocoaPods installation.\" >&2\n    exit 1\nfi\n# This output is used by Xcode 'outputs' to avoid re-running this script phase.\necho \"SUCCESS\" > \"${SCRIPT_OUTPUT_FILE_0}\"\n";
			showEnvVarsInLog = 0;
		};
/* End PBXShellScriptBuildPhase section */

/* Begin PBXSourcesBuildPhase section */
		6D16462A28353D3200A2479C /* Sources */ = {
			isa = PBXSourcesBuildPhase;
			buildActionMask = 2147483647;
			files = (
				6DF53D892836BB36005FBD72 /* ProfileManager.swift in Sources */,
				6D20D5FB28355B7800A0BEB5 /* TextFieldStack.swift in Sources */,
				6DDA932B283670D700E2DAC7 /* PlusMinusButton.swift in Sources */,
				6D16463228353D3200A2479C /* AppDelegate.swift in Sources */,
				6DDA933A2836A27300E2DAC7 /* HistoryPaidView.swift in Sources */,
				6D20D6012835622B00A0BEB5 /* BaseTextField.swift in Sources */,
				6DDA9333283691E100E2DAC7 /* HistoryCollectionView.swift in Sources */,
				6DDA9315283656B800E2DAC7 /* SelectCountryView.swift in Sources */,
				6DDA9336283697A300E2DAC7 /* CreditHistoryModel.swift in Sources */,
				6DF53D962836C7B8005FBD72 /* Date+Extensions.swift in Sources */,
				6DDA931B2836679600E2DAC7 /* HistoryViewContoller.swift in Sources */,
				6DF53D802836AA69005FBD72 /* ProfileModel.swift in Sources */,
				6DDA93212836680A00E2DAC7 /* ProfileViewController.swift in Sources */,
				6DF53D872836BA6D005FBD72 /* CreditsManager.swift in Sources */,
				6DDA932D28367E1000E2DAC7 /* NewLoanSumsCollectionView.swift in Sources */,
				6D20D5FD28355DC400A0BEB5 /* PaddingTextField.swift in Sources */,
				6DDA93042835EE5A00E2DAC7 /* KeyboardHeightObservable.swift in Sources */,
				6DDA933828369DE200E2DAC7 /* ProfileItems.swift in Sources */,
				6DDA930A28363A0F00E2DAC7 /* BaseViewController.swift in Sources */,
				6DDA93082835F39B00E2DAC7 /* RegisterSecondStepViewController.swift in Sources */,
				6DDA932928366FDF00E2DAC7 /* NewLoanViewController.swift in Sources */,
				6D20D603283565D600A0BEB5 /* BaseButton.swift in Sources */,
				6DDA932F28368EC700E2DAC7 /* LoanAcceptedViewController.swift in Sources */,
				6DDA93262836683700E2DAC7 /* BaseTabBarController.swift in Sources */,
				6DDA93242836682600E2DAC7 /* HelpViewController.swift in Sources */,
				6DDA93122836418F00E2DAC7 /* FlagDropDownTableViewCell.swift in Sources */,
				6DDA93312836908300E2DAC7 /* NSMutableAttributedString+Extensions.swift in Sources */,
				6D20D5F82835594700A0BEB5 /* UILabel+Extensions.swift in Sources */,
				6D16463428353D3200A2479C /* SceneDelegate.swift in Sources */,
				6DDA93172836600F00E2DAC7 /* SelectPhoneCodeView.swift in Sources */,
				6D20D5F12835544C00A0BEB5 /* RegisterFirstStepViewController.swift in Sources */,
				6D20D5F52835578600A0BEB5 /* R.generated.swift in Sources */,
			);
			runOnlyForDeploymentPostprocessing = 0;
		};
/* End PBXSourcesBuildPhase section */

/* Begin PBXVariantGroup section */
		6D16463C28353D3300A2479C /* LaunchScreen.storyboard */ = {
			isa = PBXVariantGroup;
			children = (
				6D16463D28353D3300A2479C /* Base */,
			);
			name = LaunchScreen.storyboard;
			sourceTree = "<group>";
		};
/* End PBXVariantGroup section */

/* Begin XCBuildConfiguration section */
		6D16464028353D3300A2479C /* Debug */ = {
			isa = XCBuildConfiguration;
			buildSettings = {
				ALWAYS_SEARCH_USER_PATHS = NO;
				CLANG_ANALYZER_NONNULL = YES;
				CLANG_ANALYZER_NUMBER_OBJECT_CONVERSION = YES_AGGRESSIVE;
				CLANG_CXX_LANGUAGE_STANDARD = "gnu++17";
				CLANG_CXX_LIBRARY = "libc++";
				CLANG_ENABLE_MODULES = YES;
				CLANG_ENABLE_OBJC_ARC = YES;
				CLANG_ENABLE_OBJC_WEAK = YES;
				CLANG_WARN_BLOCK_CAPTURE_AUTORELEASING = YES;
				CLANG_WARN_BOOL_CONVERSION = YES;
				CLANG_WARN_COMMA = YES;
				CLANG_WARN_CONSTANT_CONVERSION = YES;
				CLANG_WARN_DEPRECATED_OBJC_IMPLEMENTATIONS = YES;
				CLANG_WARN_DIRECT_OBJC_ISA_USAGE = YES_ERROR;
				CLANG_WARN_DOCUMENTATION_COMMENTS = YES;
				CLANG_WARN_EMPTY_BODY = YES;
				CLANG_WARN_ENUM_CONVERSION = YES;
				CLANG_WARN_INFINITE_RECURSION = YES;
				CLANG_WARN_INT_CONVERSION = YES;
				CLANG_WARN_NON_LITERAL_NULL_CONVERSION = YES;
				CLANG_WARN_OBJC_IMPLICIT_RETAIN_SELF = YES;
				CLANG_WARN_OBJC_LITERAL_CONVERSION = YES;
				CLANG_WARN_OBJC_ROOT_CLASS = YES_ERROR;
				CLANG_WARN_QUOTED_INCLUDE_IN_FRAMEWORK_HEADER = YES;
				CLANG_WARN_RANGE_LOOP_ANALYSIS = YES;
				CLANG_WARN_STRICT_PROTOTYPES = YES;
				CLANG_WARN_SUSPICIOUS_MOVE = YES;
				CLANG_WARN_UNGUARDED_AVAILABILITY = YES_AGGRESSIVE;
				CLANG_WARN_UNREACHABLE_CODE = YES;
				CLANG_WARN__DUPLICATE_METHOD_MATCH = YES;
				COPY_PHASE_STRIP = NO;
				DEBUG_INFORMATION_FORMAT = dwarf;
				ENABLE_STRICT_OBJC_MSGSEND = YES;
				ENABLE_TESTABILITY = YES;
				GCC_C_LANGUAGE_STANDARD = gnu11;
				GCC_DYNAMIC_NO_PIC = NO;
				GCC_NO_COMMON_BLOCKS = YES;
				GCC_OPTIMIZATION_LEVEL = 0;
				GCC_PREPROCESSOR_DEFINITIONS = (
					"DEBUG=1",
					"$(inherited)",
				);
				GCC_WARN_64_TO_32_BIT_CONVERSION = YES;
				GCC_WARN_ABOUT_RETURN_TYPE = YES_ERROR;
				GCC_WARN_UNDECLARED_SELECTOR = YES;
				GCC_WARN_UNINITIALIZED_AUTOS = YES_AGGRESSIVE;
				GCC_WARN_UNUSED_FUNCTION = YES;
				GCC_WARN_UNUSED_VARIABLE = YES;
				IPHONEOS_DEPLOYMENT_TARGET = 15.0;
				MTL_ENABLE_DEBUG_INFO = INCLUDE_SOURCE;
				MTL_FAST_MATH = YES;
				ONLY_ACTIVE_ARCH = YES;
				SDKROOT = iphoneos;
				SWIFT_ACTIVE_COMPILATION_CONDITIONS = DEBUG;
				SWIFT_OPTIMIZATION_LEVEL = "-Onone";
			};
			name = Debug;
		};
		6D16464128353D3300A2479C /* Release */ = {
			isa = XCBuildConfiguration;
			buildSettings = {
				ALWAYS_SEARCH_USER_PATHS = NO;
				CLANG_ANALYZER_NONNULL = YES;
				CLANG_ANALYZER_NUMBER_OBJECT_CONVERSION = YES_AGGRESSIVE;
				CLANG_CXX_LANGUAGE_STANDARD = "gnu++17";
				CLANG_CXX_LIBRARY = "libc++";
				CLANG_ENABLE_MODULES = YES;
				CLANG_ENABLE_OBJC_ARC = YES;
				CLANG_ENABLE_OBJC_WEAK = YES;
				CLANG_WARN_BLOCK_CAPTURE_AUTORELEASING = YES;
				CLANG_WARN_BOOL_CONVERSION = YES;
				CLANG_WARN_COMMA = YES;
				CLANG_WARN_CONSTANT_CONVERSION = YES;
				CLANG_WARN_DEPRECATED_OBJC_IMPLEMENTATIONS = YES;
				CLANG_WARN_DIRECT_OBJC_ISA_USAGE = YES_ERROR;
				CLANG_WARN_DOCUMENTATION_COMMENTS = YES;
				CLANG_WARN_EMPTY_BODY = YES;
				CLANG_WARN_ENUM_CONVERSION = YES;
				CLANG_WARN_INFINITE_RECURSION = YES;
				CLANG_WARN_INT_CONVERSION = YES;
				CLANG_WARN_NON_LITERAL_NULL_CONVERSION = YES;
				CLANG_WARN_OBJC_IMPLICIT_RETAIN_SELF = YES;
				CLANG_WARN_OBJC_LITERAL_CONVERSION = YES;
				CLANG_WARN_OBJC_ROOT_CLASS = YES_ERROR;
				CLANG_WARN_QUOTED_INCLUDE_IN_FRAMEWORK_HEADER = YES;
				CLANG_WARN_RANGE_LOOP_ANALYSIS = YES;
				CLANG_WARN_STRICT_PROTOTYPES = YES;
				CLANG_WARN_SUSPICIOUS_MOVE = YES;
				CLANG_WARN_UNGUARDED_AVAILABILITY = YES_AGGRESSIVE;
				CLANG_WARN_UNREACHABLE_CODE = YES;
				CLANG_WARN__DUPLICATE_METHOD_MATCH = YES;
				COPY_PHASE_STRIP = NO;
				DEBUG_INFORMATION_FORMAT = "dwarf-with-dsym";
				ENABLE_NS_ASSERTIONS = NO;
				ENABLE_STRICT_OBJC_MSGSEND = YES;
				GCC_C_LANGUAGE_STANDARD = gnu11;
				GCC_NO_COMMON_BLOCKS = YES;
				GCC_WARN_64_TO_32_BIT_CONVERSION = YES;
				GCC_WARN_ABOUT_RETURN_TYPE = YES_ERROR;
				GCC_WARN_UNDECLARED_SELECTOR = YES;
				GCC_WARN_UNINITIALIZED_AUTOS = YES_AGGRESSIVE;
				GCC_WARN_UNUSED_FUNCTION = YES;
				GCC_WARN_UNUSED_VARIABLE = YES;
				IPHONEOS_DEPLOYMENT_TARGET = 15.0;
				MTL_ENABLE_DEBUG_INFO = NO;
				MTL_FAST_MATH = YES;
				SDKROOT = iphoneos;
				SWIFT_COMPILATION_MODE = wholemodule;
				SWIFT_OPTIMIZATION_LEVEL = "-O";
				VALIDATE_PRODUCT = YES;
			};
			name = Release;
		};
		6D16464328353D3300A2479C /* Debug */ = {
			isa = XCBuildConfiguration;
			baseConfigurationReference = 64810AE545F9196FE0CC9D16 /* Pods-ImkoTest.debug.xcconfig */;
			buildSettings = {
				ASSETCATALOG_COMPILER_APPICON_NAME = AppIcon;
				ASSETCATALOG_COMPILER_GLOBAL_ACCENT_COLOR_NAME = AccentColor;
				CODE_SIGN_STYLE = Automatic;
				CURRENT_PROJECT_VERSION = 1;
				DEVELOPMENT_TEAM = 9A5ZWLP38Q;
				GENERATE_INFOPLIST_FILE = YES;
				INFOPLIST_FILE = ImkoTest/Info.plist;
				INFOPLIST_KEY_UIApplicationSupportsIndirectInputEvents = YES;
				INFOPLIST_KEY_UILaunchStoryboardName = LaunchScreen;
				INFOPLIST_KEY_UISupportedInterfaceOrientations_iPad = "UIInterfaceOrientationPortrait UIInterfaceOrientationPortraitUpsideDown UIInterfaceOrientationLandscapeLeft UIInterfaceOrientationLandscapeRight";
				INFOPLIST_KEY_UISupportedInterfaceOrientations_iPhone = "UIInterfaceOrientationPortrait UIInterfaceOrientationLandscapeLeft UIInterfaceOrientationLandscapeRight";
				IPHONEOS_DEPLOYMENT_TARGET = 13.0;
				LD_RUNPATH_SEARCH_PATHS = (
					"$(inherited)",
					"@executable_path/Frameworks",
				);
				MARKETING_VERSION = 1.0;
				PRODUCT_BUNDLE_IDENTIFIER = ru.pehanx.ImkoTest;
				PRODUCT_NAME = "$(TARGET_NAME)";
				SWIFT_EMIT_LOC_STRINGS = YES;
				SWIFT_VERSION = 5.0;
				TARGETED_DEVICE_FAMILY = 1;
			};
			name = Debug;
		};
		6D16464428353D3300A2479C /* Release */ = {
			isa = XCBuildConfiguration;
			baseConfigurationReference = BBC4CA2AE9A1357975DD2626 /* Pods-ImkoTest.release.xcconfig */;
			buildSettings = {
				ASSETCATALOG_COMPILER_APPICON_NAME = AppIcon;
				ASSETCATALOG_COMPILER_GLOBAL_ACCENT_COLOR_NAME = AccentColor;
				CODE_SIGN_STYLE = Automatic;
				CURRENT_PROJECT_VERSION = 1;
				DEVELOPMENT_TEAM = 9A5ZWLP38Q;
				GENERATE_INFOPLIST_FILE = YES;
				INFOPLIST_FILE = ImkoTest/Info.plist;
				INFOPLIST_KEY_UIApplicationSupportsIndirectInputEvents = YES;
				INFOPLIST_KEY_UILaunchStoryboardName = LaunchScreen;
				INFOPLIST_KEY_UISupportedInterfaceOrientations_iPad = "UIInterfaceOrientationPortrait UIInterfaceOrientationPortraitUpsideDown UIInterfaceOrientationLandscapeLeft UIInterfaceOrientationLandscapeRight";
				INFOPLIST_KEY_UISupportedInterfaceOrientations_iPhone = "UIInterfaceOrientationPortrait UIInterfaceOrientationLandscapeLeft UIInterfaceOrientationLandscapeRight";
				IPHONEOS_DEPLOYMENT_TARGET = 13.0;
				LD_RUNPATH_SEARCH_PATHS = (
					"$(inherited)",
					"@executable_path/Frameworks",
				);
				MARKETING_VERSION = 1.0;
				PRODUCT_BUNDLE_IDENTIFIER = ru.pehanx.ImkoTest;
				PRODUCT_NAME = "$(TARGET_NAME)";
				SWIFT_EMIT_LOC_STRINGS = YES;
				SWIFT_VERSION = 5.0;
				TARGETED_DEVICE_FAMILY = 1;
			};
			name = Release;
		};
/* End XCBuildConfiguration section */

/* Begin XCConfigurationList section */
		6D16462928353D3200A2479C /* Build configuration list for PBXProject "ImkoTest" */ = {
			isa = XCConfigurationList;
			buildConfigurations = (
				6D16464028353D3300A2479C /* Debug */,
				6D16464128353D3300A2479C /* Release */,
			);
			defaultConfigurationIsVisible = 0;
			defaultConfigurationName = Release;
		};
		6D16464228353D3300A2479C /* Build configuration list for PBXNativeTarget "ImkoTest" */ = {
			isa = XCConfigurationList;
			buildConfigurations = (
				6D16464328353D3300A2479C /* Debug */,
				6D16464428353D3300A2479C /* Release */,
			);
			defaultConfigurationIsVisible = 0;
			defaultConfigurationName = Release;
		};
/* End XCConfigurationList section */
	};
	rootObject = 6D16462628353D3200A2479C /* Project object */;
}
